// !$*UTF8*$!
{
	archiveVersion = 1;
	classes = {
	};
	objectVersion = 56;
	objects = {

/* Begin PBXBuildFile section */
		D44C5B5E29D22A8C002E6E83 /* AppDelegate.swift in Sources */ = {isa = PBXBuildFile; fileRef = D44C5B5D29D22A8C002E6E83 /* AppDelegate.swift */; };
		D44C5B6029D22A8C002E6E83 /* SceneDelegate.swift in Sources */ = {isa = PBXBuildFile; fileRef = D44C5B5F29D22A8C002E6E83 /* SceneDelegate.swift */; };
		D44C5B6529D22A8C002E6E83 /* Main.storyboard in Resources */ = {isa = PBXBuildFile; fileRef = D44C5B6329D22A8C002E6E83 /* Main.storyboard */; };
		D44C5B6729D22A8D002E6E83 /* Assets.xcassets in Resources */ = {isa = PBXBuildFile; fileRef = D44C5B6629D22A8D002E6E83 /* Assets.xcassets */; };
		D44C5B6A29D22A8D002E6E83 /* LaunchScreen.storyboard in Resources */ = {isa = PBXBuildFile; fileRef = D44C5B6829D22A8D002E6E83 /* LaunchScreen.storyboard */; };
		D44C5B7229D4C1E1002E6E83 /* LoginViewController.swift in Sources */ = {isa = PBXBuildFile; fileRef = D44C5B7129D4C1E1002E6E83 /* LoginViewController.swift */; };
		D44C5B7429D4C921002E6E83 /* DrinkTypeViewController.swift in Sources */ = {isa = PBXBuildFile; fileRef = D44C5B7329D4C921002E6E83 /* DrinkTypeViewController.swift */; };
/* End PBXBuildFile section */

/* Begin PBXFileReference section */
		D44C5B5A29D22A8C002E6E83 /* greetings.app */ = {isa = PBXFileReference; explicitFileType = wrapper.application; includeInIndex = 0; path = greetings.app; sourceTree = BUILT_PRODUCTS_DIR; };
		D44C5B5D29D22A8C002E6E83 /* AppDelegate.swift */ = {isa = PBXFileReference; lastKnownFileType = sourcecode.swift; path = AppDelegate.swift; sourceTree = "<group>"; };
		D44C5B5F29D22A8C002E6E83 /* SceneDelegate.swift */ = {isa = PBXFileReference; lastKnownFileType = sourcecode.swift; path = SceneDelegate.swift; sourceTree = "<group>"; };
		D44C5B6429D22A8C002E6E83 /* Base */ = {isa = PBXFileReference; lastKnownFileType = file.storyboard; name = Base; path = Base.lproj/Main.storyboard; sourceTree = "<group>"; };
		D44C5B6629D22A8D002E6E83 /* Assets.xcassets */ = {isa = PBXFileReference; lastKnownFileType = folder.assetcatalog; path = Assets.xcassets; sourceTree = "<group>"; };
		D44C5B6929D22A8D002E6E83 /* Base */ = {isa = PBXFileReference; lastKnownFileType = file.storyboard; name = Base; path = Base.lproj/LaunchScreen.storyboard; sourceTree = "<group>"; };
		D44C5B6B29D22A8D002E6E83 /* Info.plist */ = {isa = PBXFileReference; lastKnownFileType = text.plist.xml; path = Info.plist; sourceTree = "<group>"; };
		D44C5B7129D4C1E1002E6E83 /* LoginViewController.swift */ = {isa = PBXFileReference; lastKnownFileType = sourcecode.swift; path = LoginViewController.swift; sourceTree = "<group>"; };
		D44C5B7329D4C921002E6E83 /* DrinkTypeViewController.swift */ = {isa = PBXFileReference; lastKnownFileType = sourcecode.swift; path = DrinkTypeViewController.swift; sourceTree = "<group>"; };
/* End PBXFileReference section */

/* Begin PBXFrameworksBuildPhase section */
		D44C5B5729D22A8C002E6E83 /* Frameworks */ = {
			isa = PBXFrameworksBuildPhase;
			buildActionMask = 2147483647;
			files = (
			);
			runOnlyForDeploymentPostprocessing = 0;
		};
/* End PBXFrameworksBuildPhase section */

/* Begin PBXGroup section */
		D44C5B5129D22A8C002E6E83 = {
			isa = PBXGroup;
			children = (
				D44C5B5C29D22A8C002E6E83 /* greetings */,
				D44C5B5B29D22A8C002E6E83 /* Products */,
			);
			sourceTree = "<group>";
		};
		D44C5B5B29D22A8C002E6E83 /* Products */ = {
			isa = PBXGroup;
			children = (
				D44C5B5A29D22A8C002E6E83 /* greetings.app */,
			);
			name = Products;
			sourceTree = "<group>";
		};
		D44C5B5C29D22A8C002E6E83 /* greetings */ = {
			isa = PBXGroup;
			children = (
				D44C5B5D29D22A8C002E6E83 /* AppDelegate.swift */,
				D44C5B5F29D22A8C002E6E83 /* SceneDelegate.swift */,
				D44C5B6329D22A8C002E6E83 /* Main.storyboard */,
				D44C5B7329D4C921002E6E83 /* DrinkTypeViewController.swift */,
				D44C5B6629D22A8D002E6E83 /* Assets.xcassets */,
				D44C5B6829D22A8D002E6E83 /* LaunchScreen.storyboard */,
				D44C5B6B29D22A8D002E6E83 /* Info.plist */,
				D44C5B7129D4C1E1002E6E83 /* LoginViewController.swift */,
			);
			path = greetings;
			sourceTree = "<group>";
		};
/* End PBXGroup section */

/* Begin PBXNativeTarget section */
		D44C5B5929D22A8C002E6E83 /* greetings */ = {
			isa = PBXNativeTarget;
			buildConfigurationList = D44C5B6E29D22A8D002E6E83 /* Build configuration list for PBXNativeTarget "greetings" */;
			buildPhases = (
				D44C5B5629D22A8C002E6E83 /* Sources */,
				D44C5B5729D22A8C002E6E83 /* Frameworks */,
				D44C5B5829D22A8C002E6E83 /* Resources */,
			);
			buildRules = (
			);
			dependencies = (
			);
			name = greetings;
			productName = greetings;
			productReference = D44C5B5A29D22A8C002E6E83 /* greetings.app */;
			productType = "com.apple.product-type.application";
		};
/* End PBXNativeTarget section */

/* Begin PBXProject section */
		D44C5B5229D22A8C002E6E83 /* Project object */ = {
			isa = PBXProject;
			attributes = {
				BuildIndependentTargetsInParallel = 1;
				LastSwiftUpdateCheck = 1420;
				LastUpgradeCheck = 1420;
				TargetAttributes = {
					D44C5B5929D22A8C002E6E83 = {
						CreatedOnToolsVersion = 14.2;
					};
				};
			};
			buildConfigurationList = D44C5B5529D22A8C002E6E83 /* Build configuration list for PBXProject "greetings" */;
			compatibilityVersion = "Xcode 14.0";
			developmentRegion = en;
			hasScannedForEncodings = 0;
			knownRegions = (
				en,
				Base,
			);
			mainGroup = D44C5B5129D22A8C002E6E83;
			productRefGroup = D44C5B5B29D22A8C002E6E83 /* Products */;
			projectDirPath = "";
			projectRoot = "";
			targets = (
				D44C5B5929D22A8C002E6E83 /* greetings */,
			);
		};
/* End PBXProject section */

/* Begin PBXResourcesBuildPhase section */
		D44C5B5829D22A8C002E6E83 /* Resources */ = {
			isa = PBXResourcesBuildPhase;
			buildActionMask = 2147483647;
			files = (
				D44C5B6A29D22A8D002E6E83 /* LaunchScreen.storyboard in Resources */,
				D44C5B6729D22A8D002E6E83 /* Assets.xcassets in Resources */,
				D44C5B6529D22A8C002E6E83 /* Main.storyboard in Resources */,
			);
			runOnlyForDeploymentPostprocessing = 0;
		};
/* End PBXResourcesBuildPhase section */

/* Begin PBXSourcesBuildPhase section */
		D44C5B5629D22A8C002E6E83 /* Sources */ = {
			isa = PBXSourcesBuildPhase;
			buildActionMask = 2147483647;
			files = (
				D44C5B7229D4C1E1002E6E83 /* LoginViewController.swift in Sources */,
				D44C5B7429D4C921002E6E83 /* DrinkTypeViewController.swift in Sources */,
				D44C5B5E29D22A8C002E6E83 /* AppDelegate.swift in Sources */,
				D44C5B6029D22A8C002E6E83 /* SceneDelegate.swift in Sources */,
			);
			runOnlyForDeploymentPostprocessing = 0;
		};
/* End PBXSourcesBuildPhase section */

/* Begin PBXVariantGroup section */
		D44C5B6329D22A8C002E6E83 /* Main.storyboard */ = {
			isa = PBXVariantGroup;
			children = (
				D44C5B6429D22A8C002E6E83 /* Base */,
			);
			name = Main.storyboard;
			sourceTree = "<group>";
		};
		D44C5B6829D22A8D002E6E83 /* LaunchScreen.storyboard */ = {
			isa = PBXVariantGroup;
			children = (
				D44C5B6929D22A8D002E6E83 /* Base */,
			);
			name = LaunchScreen.storyboard;
			sourceTree = "<group>";
		};
/* End PBXVariantGroup section */

/* Begin XCBuildConfiguration section */
		D44C5B6C29D22A8D002E6E83 /* Debug */ = {
			isa = XCBuildConfiguration;
			buildSettings = {
				ALWAYS_SEARCH_USER_PATHS = NO;
				CLANG_ANALYZER_NONNULL = YES;
				CLANG_ANALYZER_NUMBER_OBJECT_CONVERSION = YES_AGGRESSIVE;
				CLANG_CXX_LANGUAGE_STANDARD = "gnu++20";
				CLANG_ENABLE_MODULES = YES;
				CLANG_ENABLE_OBJC_ARC = YES;
				CLANG_ENABLE_OBJC_WEAK = YES;
				CLANG_WARN_BLOCK_CAPTURE_AUTORELEASING = YES;
				CLANG_WARN_BOOL_CONVERSION = YES;
				CLANG_WARN_COMMA = YES;
				CLANG_WARN_CONSTANT_CONVERSION = YES;
				CLANG_WARN_DEPRECATED_OBJC_IMPLEMENTATIONS = YES;
				CLANG_WARN_DIRECT_OBJC_ISA_USAGE = YES_ERROR;
				CLANG_WARN_DOCUMENTATION_COMMENTS = YES;
				CLANG_WARN_EMPTY_BODY = YES;
				CLANG_WARN_ENUM_CONVERSION = YES;
				CLANG_WARN_INFINITE_RECURSION = YES;
				CLANG_WARN_INT_CONVERSION = YES;
				CLANG_WARN_NON_LITERAL_NULL_CONVERSION = YES;
				CLANG_WARN_OBJC_IMPLICIT_RETAIN_SELF = YES;
				CLANG_WARN_OBJC_LITERAL_CONVERSION = YES;
				CLANG_WARN_OBJC_ROOT_CLASS = YES_ERROR;
				CLANG_WARN_QUOTED_INCLUDE_IN_FRAMEWORK_HEADER = YES;
				CLANG_WARN_RANGE_LOOP_ANALYSIS = YES;
				CLANG_WARN_STRICT_PROTOTYPES = YES;
				CLANG_WARN_SUSPICIOUS_MOVE = YES;
				CLANG_WARN_UNGUARDED_AVAILABILITY = YES_AGGRESSIVE;
				CLANG_WARN_UNREACHABLE_CODE = YES;
				CLANG_WARN__DUPLICATE_METHOD_MATCH = YES;
				COPY_PHASE_STRIP = NO;
				DEBUG_INFORMATION_FORMAT = dwarf;
				ENABLE_STRICT_OBJC_MSGSEND = YES;
				ENABLE_TESTABILITY = YES;
				GCC_C_LANGUAGE_STANDARD = gnu11;
				GCC_DYNAMIC_NO_PIC = NO;
				GCC_NO_COMMON_BLOCKS = YES;
				GCC_OPTIMIZATION_LEVEL = 0;
				GCC_PREPROCESSOR_DEFINITIONS = (
					"DEBUG=1",
					"$(inherited)",
				);
				GCC_WARN_64_TO_32_BIT_CONVERSION = YES;
				GCC_WARN_ABOUT_RETURN_TYPE = YES_ERROR;
				GCC_WARN_UNDECLARED_SELECTOR = YES;
				GCC_WARN_UNINITIALIZED_AUTOS = YES_AGGRESSIVE;
				GCC_WARN_UNUSED_FUNCTION = YES;
				GCC_WARN_UNUSED_VARIABLE = YES;
				IPHONEOS_DEPLOYMENT_TARGET = 16.2;
				MTL_ENABLE_DEBUG_INFO = INCLUDE_SOURCE;
				MTL_FAST_MATH = YES;
				ONLY_ACTIVE_ARCH = YES;
				SDKROOT = iphoneos;
				SWIFT_ACTIVE_COMPILATION_CONDITIONS = DEBUG;
				SWIFT_OPTIMIZATION_LEVEL = "-Onone";
			};
			name = Debug;
		};
		D44C5B6D29D22A8D002E6E83 /* Release */ = {
			isa = XCBuildConfiguration;
			buildSettings = {
				ALWAYS_SEARCH_USER_PATHS = NO;
				CLANG_ANALYZER_NONNULL = YES;
				CLANG_ANALYZER_NUMBER_OBJECT_CONVERSION = YES_AGGRESSIVE;
				CLANG_CXX_LANGUAGE_STANDARD = "gnu++20";
				CLANG_ENABLE_MODULES = YES;
				CLANG_ENABLE_OBJC_ARC = YES;
				CLANG_ENABLE_OBJC_WEAK = YES;
				CLANG_WARN_BLOCK_CAPTURE_AUTORELEASING = YES;
				CLANG_WARN_BOOL_CONVERSION = YES;
				CLANG_WARN_COMMA = YES;
				CLANG_WARN_CONSTANT_CONVERSION = YES;
				CLANG_WARN_DEPRECATED_OBJC_IMPLEMENTATIONS = YES;
				CLANG_WARN_DIRECT_OBJC_ISA_USAGE = YES_ERROR;
				CLANG_WARN_DOCUMENTATION_COMMENTS = YES;
				CLANG_WARN_EMPTY_BODY = YES;
				CLANG_WARN_ENUM_CONVERSION = YES;
				CLANG_WARN_INFINITE_RECURSION = YES;
				CLANG_WARN_INT_CONVERSION = YES;
				CLANG_WARN_NON_LITERAL_NULL_CONVERSION = YES;
				CLANG_WARN_OBJC_IMPLICIT_RETAIN_SELF = YES;
				CLANG_WARN_OBJC_LITERAL_CONVERSION = YES;
				CLANG_WARN_OBJC_ROOT_CLASS = YES_ERROR;
				CLANG_WARN_QUOTED_INCLUDE_IN_FRAMEWORK_HEADER = YES;
				CLANG_WARN_RANGE_LOOP_ANALYSIS = YES;
				CLANG_WARN_STRICT_PROTOTYPES = YES;
				CLANG_WARN_SUSPICIOUS_MOVE = YES;
				CLANG_WARN_UNGUARDED_AVAILABILITY = YES_AGGRESSIVE;
				CLANG_WARN_UNREACHABLE_CODE = YES;
				CLANG_WARN__DUPLICATE_METHOD_MATCH = YES;
				COPY_PHASE_STRIP = NO;
				DEBUG_INFORMATION_FORMAT = "dwarf-with-dsym";
				ENABLE_NS_ASSERTIONS = NO;
				ENABLE_STRICT_OBJC_MSGSEND = YES;
				GCC_C_LANGUAGE_STANDARD = gnu11;
				GCC_NO_COMMON_BLOCKS = YES;
				GCC_WARN_64_TO_32_BIT_CONVERSION = YES;
				GCC_WARN_ABOUT_RETURN_TYPE = YES_ERROR;
				GCC_WARN_UNDECLARED_SELECTOR = YES;
				GCC_WARN_UNINITIALIZED_AUTOS = YES_AGGRESSIVE;
				GCC_WARN_UNUSED_FUNCTION = YES;
				GCC_WARN_UNUSED_VARIABLE = YES;
				IPHONEOS_DEPLOYMENT_TARGET = 16.2;
				MTL_ENABLE_DEBUG_INFO = NO;
				MTL_FAST_MATH = YES;
				SDKROOT = iphoneos;
				SWIFT_COMPILATION_MODE = wholemodule;
				SWIFT_OPTIMIZATION_LEVEL = "-O";
				VALIDATE_PRODUCT = YES;
			};
			name = Release;
		};
		D44C5B6F29D22A8D002E6E83 /* Debug */ = {
			isa = XCBuildConfiguration;
			buildSettings = {
				ASSETCATALOG_COMPILER_APPICON_NAME = AppIcon;
				ASSETCATALOG_COMPILER_GLOBAL_ACCENT_COLOR_NAME = AccentColor;
				CODE_SIGN_STYLE = Automatic;
				CURRENT_PROJECT_VERSION = 1;
				DEVELOPMENT_TEAM = F8YABHBRAZ;
				GENERATE_INFOPLIST_FILE = YES;
				INFOPLIST_FILE = greetings/Info.plist;
				INFOPLIST_KEY_UIApplicationSupportsIndirectInputEvents = YES;
				INFOPLIST_KEY_UILaunchStoryboardName = LaunchScreen;
				INFOPLIST_KEY_UIMainStoryboardFile = Main;
				INFOPLIST_KEY_UISupportedInterfaceOrientations_iPad = "UIInterfaceOrientationPortrait UIInterfaceOrientationPortraitUpsideDown UIInterfaceOrientationLandscapeLeft UIInterfaceOrientationLandscapeRight";
				INFOPLIST_KEY_UISupportedInterfaceOrientations_iPhone = "UIInterfaceOrientationPortrait UIInterfaceOrientationLandscapeLeft UIInterfaceOrientationLandscapeRight";
				LD_RUNPATH_SEARCH_PATHS = (
					"$(inherited)",
					"@executable_path/Frameworks",
				);
				MARKETING_VERSION = 1.0;
				PRODUCT_BUNDLE_IDENTIFIER = ru.yashuninaEkaterina.greetings;
				PRODUCT_NAME = "$(TARGET_NAME)";
				SWIFT_EMIT_LOC_STRINGS = YES;
				SWIFT_VERSION = 5.0;
				TARGETED_DEVICE_FAMILY = "1,2";
			};
			name = Debug;
		};
		D44C5B7029D22A8D002E6E83 /* Release */ = {
			isa = XCBuildConfiguration;
			buildSettings = {
				ASSETCATALOG_COMPILER_APPICON_NAME = AppIcon;
				ASSETCATALOG_COMPILER_GLOBAL_ACCENT_COLOR_NAME = AccentColor;
				CODE_SIGN_STYLE = Automatic;
				CURRENT_PROJECT_VERSION = 1;
				DEVELOPMENT_TEAM = F8YABHBRAZ;
				GENERATE_INFOPLIST_FILE = YES;
				INFOPLIST_FILE = greetings/Info.plist;
				INFOPLIST_KEY_UIApplicationSupportsIndirectInputEvents = YES;
				INFOPLIST_KEY_UILaunchStoryboardName = LaunchScreen;
				INFOPLIST_KEY_UIMainStoryboardFile = Main;
				INFOPLIST_KEY_UISupportedInterfaceOrientations_iPad = "UIInterfaceOrientationPortrait UIInterfaceOrientationPortraitUpsideDown UIInterfaceOrientationLandscapeLeft UIInterfaceOrientationLandscapeRight";
				INFOPLIST_KEY_UISupportedInterfaceOrientations_iPhone = "UIInterfaceOrientationPortrait UIInterfaceOrientationLandscapeLeft UIInterfaceOrientationLandscapeRight";
				LD_RUNPATH_SEARCH_PATHS = (
					"$(inherited)",
					"@executable_path/Frameworks",
				);
				MARKETING_VERSION = 1.0;
				PRODUCT_BUNDLE_IDENTIFIER = ru.yashuninaEkaterina.greetings;
				PRODUCT_NAME = "$(TARGET_NAME)";
				SWIFT_EMIT_LOC_STRINGS = YES;
				SWIFT_VERSION = 5.0;
				TARGETED_DEVICE_FAMILY = "1,2";
			};
			name = Release;
		};
/* End XCBuildConfiguration section */

/* Begin XCConfigurationList section */
		D44C5B5529D22A8C002E6E83 /* Build configuration list for PBXProject "greetings" */ = {
			isa = XCConfigurationList;
			buildConfigurations = (
				D44C5B6C29D22A8D002E6E83 /* Debug */,
				D44C5B6D29D22A8D002E6E83 /* Release */,
			);
			defaultConfigurationIsVisible = 0;
			defaultConfigurationName = Release;
		};
		D44C5B6E29D22A8D002E6E83 /* Build configuration list for PBXNativeTarget "greetings" */ = {
			isa = XCConfigurationList;
			buildConfigurations = (
				D44C5B6F29D22A8D002E6E83 /* Debug */,
				D44C5B7029D22A8D002E6E83 /* Release */,
			);
			defaultConfigurationIsVisible = 0;
			defaultConfigurationName = Release;
		};
/* End XCConfigurationList section */
	};
	rootObject = D44C5B5229D22A8C002E6E83 /* Project object */;
}
